hash: 01fe5dfe1e50d03085658d96d55f61da9da5066b284c8d6dfa0d421d949dde31
updated: 2019-06-27T10:35:46.983073708-07:00
imports:
- name: cloud.google.com/go
  version: 8c41231e01b2085512d98153bcffb847ff9b4b9f
  subpackages:
  - compute/metadata
  - iam
  - internal
  - internal/optional
  - internal/trace
  - internal/version
  - storage
- name: github.com/beorn7/perks
  version: 4b2b341e8d7715fae06375aa633dbb6e91b3fb46
  subpackages:
  - quantile
- name: github.com/davecgh/go-spew
  version: 782f4967f2dc4564575ca782fe2d04090b5faca8
  subpackages:
  - spew
- name: github.com/dgrijalva/jwt-go
  version: 06ea1031745cb8b3dab3f6a236daf2b0aa468b7e
- name: github.com/evanphx/json-patch
  version: 5858425f75500d40c52783dce87d085a483ce135
- name: github.com/gogo/protobuf
  version: 342cbe0a04158f6dcb03ca0079991a51a4248c02
  subpackages:
  - proto
  - sortkeys
- name: github.com/golang/glog
  version: 23def4e6c14b4da8ac2ed8007337bc5eb5007998
- name: github.com/golang/protobuf
  version: b4deda0973fb4c70b50d226b1af49f3da59f5265
  subpackages:
  - proto
  - protoc-gen-go/descriptor
  - ptypes
  - ptypes/any
  - ptypes/duration
  - ptypes/timestamp
- name: github.com/google/gofuzz
  version: 24818f796faf91cd76ec7bddd72458fbced7a6c1
- name: github.com/googleapis/gax-go
  version: bd5b16380fd03dc758d11cef74ba2e3bc8b0e8c2
  subpackages:
  - v2
- name: github.com/googleapis/gnostic
  version: 0c5108395e2debce0d731cf0287ddf7242066aba
  subpackages:
  - OpenAPIv2
  - compiler
  - extensions
- name: github.com/hashicorp/golang-lru
  version: 20f1fb78b0740ba8c3cb143a61e86ba5c8669768
  subpackages:
  - simplelru
- name: github.com/hpcloud/tail
  version: a30252cb686a21eb2d0b98132633053ec2f7f1e5
  subpackages:
  - ratelimiter
  - util
  - watch
  - winfile
- name: github.com/imdario/mergo
  version: 9316a62528ac99aaecb4e47eadd6dc8aa6533d58
- name: github.com/json-iterator/go
  version: ab8a2e0c74be9d3be70b3184d9acc634935ded82
- name: github.com/Masterminds/semver
  version: c7af12943936e8c39859482e61f0574c2fd7fc75
- name: github.com/matttproud/golang_protobuf_extensions
  version: c182affec369e30f25d3eb8cd8a478dee585ae7d
  subpackages:
  - pbutil
- name: github.com/modern-go/concurrent
  version: bacd9c7ef1dd9b15be4a9909b8ac7a4e313eec94
- name: github.com/modern-go/reflect2
  version: 94122c33edd36123c84d5368cfb2b69df93a0ec8
- name: github.com/onsi/ginkgo
  version: eea6ad008b96acdaa524f5b409513bf062b500ad
  subpackages:
  - config
  - internal/codelocation
  - internal/containernode
  - internal/failer
  - internal/leafnodes
  - internal/remote
  - internal/spec
  - internal/spec_iterator
  - internal/specrunner
  - internal/suite
  - internal/testingtproxy
  - internal/writer
  - reporters
  - reporters/stenographer
  - reporters/stenographer/support/go-colorable
  - reporters/stenographer/support/go-isatty
  - types
- name: github.com/onsi/gomega
  version: 90e289841c1ed79b7a598a7cd9959750cb5e89e2
  subpackages:
  - format
  - internal/assertion
  - internal/asyncassertion
  - internal/oraclematcher
  - internal/testingtsupport
  - matchers
  - matchers/support/goraph/bipartitegraph
  - matchers/support/goraph/edge
  - matchers/support/goraph/node
  - matchers/support/goraph/util
  - types
- name: github.com/openshift-online/uhc-sdk-go
  version: 22fe296e1f1d57bad08ad9db1ed280c05bbe1e55
  subpackages:
  - pkg/client
  - pkg/client/accountsmgmt
  - pkg/client/accountsmgmt/v1
  - pkg/client/clustersmgmt
  - pkg/client/clustersmgmt/v1
  - pkg/client/errors
  - pkg/client/helpers
  - pkg/client/internal
- name: github.com/openshift/api
  version: dafd2647cb03b7e8b3ccec0eba3f7af85df898d6
  subpackages:
  - image/docker10
  - image/dockerpre012
  - image/v1
  - project/v1
  - route/v1
- name: github.com/openshift/client-go
  version: 8892c0adc000741c33af70e05f4ede47725d0773
  subpackages:
  - image/clientset/versioned
  - image/clientset/versioned/fake
  - image/clientset/versioned/scheme
  - image/clientset/versioned/typed/image/v1
  - image/clientset/versioned/typed/image/v1/fake
  - project/clientset/versioned
  - project/clientset/versioned/scheme
  - project/clientset/versioned/typed/project/v1
  - route/clientset/versioned
  - route/clientset/versioned/scheme
  - route/clientset/versioned/typed/route/v1
- name: github.com/prometheus/client_golang
  version: f0a455664ecb0634bfb64d58b0c8226c2dab0804
  subpackages:
  - prometheus
  - prometheus/internal
- name: github.com/prometheus/client_model
  version: fd36f4220a901265f90734c3183c5f0c91daa0b8
  subpackages:
  - go
- name: github.com/prometheus/common
  version: 17f5ca1748182ddf24fc33a5a7caaaf790a52fcc
  subpackages:
  - expfmt
  - internal/bitbucket.org/ww/goautoneg
  - model
- name: github.com/prometheus/procfs
  version: 65bdadfa96aecebf4dcf888da995a29eab4fc964
  subpackages:
  - internal/fs
- name: github.com/spf13/pflag
  version: 583c0c0531f06d5278b7d917446061adc344b5cd
- name: go.opencensus.io
  version: 9c377598961b706d1542bd2d84d538b5094d596e
  subpackages:
  - internal
  - internal/tagencoding
  - metric/metricdata
  - metric/metricproducer
  - plugin/ochttp
  - plugin/ochttp/propagation/b3
  - resource
  - stats
  - stats/internal
  - stats/view
  - tag
  - trace
  - trace/internal
  - trace/propagation
  - trace/tracestate
- name: golang.org/x/crypto
  version: de0752318171da717af4ce24d0a2e8626afaeb11
  subpackages:
  - ssh/terminal
- name: golang.org/x/net
  version: 65e2d4e15006aab9813ff8769e768bbf4bb667a0
  subpackages:
  - context
  - context/ctxhttp
  - html
  - html/atom
  - html/charset
  - http/httpguts
  - http2
  - http2/hpack
  - idna
  - internal/timeseries
  - trace
- name: golang.org/x/oauth2
  version: 529b322ea34655aa15fb32e063f3d4d3cf803cac
  subpackages:
  - google
  - internal
  - jws
  - jwt
- name: golang.org/x/sys
  version: d89cdac9e8725f2aefce25fcbfef41134c9ad412
  subpackages:
  - unix
  - windows
- name: golang.org/x/text
  version: b19bf474d317b857955b12035d2c5acb57ce8b01
  subpackages:
  - encoding
  - encoding/charmap
  - encoding/htmlindex
  - encoding/internal
  - encoding/internal/identifier
  - encoding/japanese
  - encoding/korean
  - encoding/simplifiedchinese
  - encoding/traditionalchinese
  - encoding/unicode
  - internal/tag
  - internal/utf8internal
  - language
  - runes
  - secure/bidirule
  - transform
  - unicode/bidi
  - unicode/norm
- name: golang.org/x/time
  version: f51c12702a4d776e4c1fa9b0fabab841babae631
  subpackages:
  - rate
- name: google.golang.org/api
  version: 721295fe20d585ce7e948146f82188429d14da33
  subpackages:
  - gensupport
  - googleapi
  - googleapi/internal/uritemplates
  - googleapi/transport
  - internal
  - iterator
  - option
  - storage/v1
  - transport/http
  - transport/http/internal/propagation
- name: google.golang.org/appengine
  version: 311d3c5cf9373249645db030e53c37c209a8b378
  subpackages:
  - internal
  - internal/app_identity
  - internal/base
  - internal/datastore
  - internal/log
  - internal/modules
  - internal/remote_api
  - internal/urlfetch
  - urlfetch
- name: google.golang.org/genproto
  version: 357c62f0e4bbba7e6cc403ae09edcf3e2b9028fe
  subpackages:
  - googleapis/api/annotations
  - googleapis/iam/v1
  - googleapis/rpc/code
  - googleapis/rpc/status
- name: google.golang.org/grpc
  version: 3507fb8e1a5ad030303c106fef3a47c9fdad16ad
  subpackages:
  - balancer
  - balancer/base
  - balancer/roundrobin
  - binarylog/grpc_binarylog_v1
  - codes
  - connectivity
  - credentials
  - credentials/internal
  - encoding
  - encoding/proto
  - grpclog
  - internal
  - internal/backoff
  - internal/binarylog
  - internal/channelz
  - internal/envconfig
  - internal/grpcrand
  - internal/grpcsync
  - internal/syscall
  - internal/transport
  - keepalive
  - metadata
  - naming
  - peer
  - resolver
  - resolver/dns
  - resolver/passthrough
  - stats
  - status
  - tap
- name: gopkg.in/fsnotify.v1
  version: 7be54206639f256967dd82fa767397ba5f8f48f5
- name: gopkg.in/inf.v0
  version: 3887ee99ecf07df5b447e9b00d9c0b2adaa9f3e4
- name: gopkg.in/tomb.v1
  version: c131134a1947e9afd9cecfe11f4c6dff0732ae58
- name: gopkg.in/yaml.v2
  version: 5420a8b6744d3b0345ab293f6fcba19c978f1183
- name: k8s.io/api
  version: 40a48860b5abbba9aa891b02b32da429b08d96a0
  subpackages:
  - admissionregistration/v1beta1
  - apps/v1
  - apps/v1beta1
  - apps/v1beta2
  - auditregistration/v1alpha1
  - authentication/v1
  - authentication/v1beta1
  - authorization/v1
  - authorization/v1beta1
  - autoscaling/v1
  - autoscaling/v2beta1
  - autoscaling/v2beta2
  - batch/v1
  - batch/v1beta1
  - batch/v2alpha1
  - certificates/v1beta1
  - coordination/v1
  - coordination/v1beta1
  - core/v1
  - events/v1beta1
  - extensions/v1beta1
  - networking/v1
  - networking/v1beta1
  - node/v1alpha1
  - node/v1beta1
  - policy/v1beta1
  - rbac/v1
  - rbac/v1alpha1
  - rbac/v1beta1
  - scheduling/v1
  - scheduling/v1alpha1
  - scheduling/v1beta1
  - settings/v1alpha1
  - storage/v1
  - storage/v1alpha1
  - storage/v1beta1
- name: k8s.io/apimachinery
  version: d7deff9243b165ee192f5551710ea4285dcfd615
  subpackages:
  - pkg/api/errors
  - pkg/api/meta
  - pkg/api/resource
  - pkg/apis/meta/v1
  - pkg/apis/meta/v1/unstructured
  - pkg/apis/meta/v1beta1
  - pkg/conversion
  - pkg/conversion/queryparams
  - pkg/fields
  - pkg/labels
  - pkg/runtime
  - pkg/runtime/schema
  - pkg/runtime/serializer
  - pkg/runtime/serializer/json
  - pkg/runtime/serializer/protobuf
  - pkg/runtime/serializer/recognizer
  - pkg/runtime/serializer/streaming
  - pkg/runtime/serializer/versioning
  - pkg/selection
  - pkg/types
  - pkg/util/clock
  - pkg/util/errors
  - pkg/util/framer
  - pkg/util/intstr
  - pkg/util/json
  - pkg/util/mergepatch
  - pkg/util/naming
  - pkg/util/net
  - pkg/util/runtime
  - pkg/util/sets
  - pkg/util/strategicpatch
  - pkg/util/validation
  - pkg/util/validation/field
  - pkg/util/wait
  - pkg/util/yaml
  - pkg/version
  - pkg/watch
  - third_party/forked/golang/json
  - third_party/forked/golang/reflect
- name: k8s.io/client-go
  version: 6ee68ca5fd8355d024d02f9db0b3b667e8357a0f
  subpackages:
  - discovery
  - discovery/fake
  - dynamic
  - kubernetes
  - kubernetes/fake
  - kubernetes/scheme
  - kubernetes/typed/admissionregistration/v1beta1
  - kubernetes/typed/admissionregistration/v1beta1/fake
  - kubernetes/typed/apps/v1
  - kubernetes/typed/apps/v1/fake
  - kubernetes/typed/apps/v1beta1
  - kubernetes/typed/apps/v1beta1/fake
  - kubernetes/typed/apps/v1beta2
  - kubernetes/typed/apps/v1beta2/fake
  - kubernetes/typed/auditregistration/v1alpha1
  - kubernetes/typed/auditregistration/v1alpha1/fake
  - kubernetes/typed/authentication/v1
  - kubernetes/typed/authentication/v1/fake
  - kubernetes/typed/authentication/v1beta1
  - kubernetes/typed/authentication/v1beta1/fake
  - kubernetes/typed/authorization/v1
  - kubernetes/typed/authorization/v1/fake
  - kubernetes/typed/authorization/v1beta1
  - kubernetes/typed/authorization/v1beta1/fake
  - kubernetes/typed/autoscaling/v1
  - kubernetes/typed/autoscaling/v1/fake
  - kubernetes/typed/autoscaling/v2beta1
  - kubernetes/typed/autoscaling/v2beta1/fake
  - kubernetes/typed/autoscaling/v2beta2
  - kubernetes/typed/autoscaling/v2beta2/fake
  - kubernetes/typed/batch/v1
  - kubernetes/typed/batch/v1/fake
  - kubernetes/typed/batch/v1beta1
  - kubernetes/typed/batch/v1beta1/fake
  - kubernetes/typed/batch/v2alpha1
  - kubernetes/typed/batch/v2alpha1/fake
  - kubernetes/typed/certificates/v1beta1
  - kubernetes/typed/certificates/v1beta1/fake
  - kubernetes/typed/coordination/v1
  - kubernetes/typed/coordination/v1/fake
  - kubernetes/typed/coordination/v1beta1
  - kubernetes/typed/coordination/v1beta1/fake
  - kubernetes/typed/core/v1
  - kubernetes/typed/core/v1/fake
  - kubernetes/typed/events/v1beta1
  - kubernetes/typed/events/v1beta1/fake
  - kubernetes/typed/extensions/v1beta1
  - kubernetes/typed/extensions/v1beta1/fake
  - kubernetes/typed/networking/v1
  - kubernetes/typed/networking/v1/fake
  - kubernetes/typed/networking/v1beta1
  - kubernetes/typed/networking/v1beta1/fake
  - kubernetes/typed/node/v1alpha1
  - kubernetes/typed/node/v1alpha1/fake
  - kubernetes/typed/node/v1beta1
  - kubernetes/typed/node/v1beta1/fake
  - kubernetes/typed/policy/v1beta1
  - kubernetes/typed/policy/v1beta1/fake
  - kubernetes/typed/rbac/v1
  - kubernetes/typed/rbac/v1/fake
  - kubernetes/typed/rbac/v1alpha1
  - kubernetes/typed/rbac/v1alpha1/fake
  - kubernetes/typed/rbac/v1beta1
  - kubernetes/typed/rbac/v1beta1/fake
  - kubernetes/typed/scheduling/v1
  - kubernetes/typed/scheduling/v1/fake
  - kubernetes/typed/scheduling/v1alpha1
  - kubernetes/typed/scheduling/v1alpha1/fake
  - kubernetes/typed/scheduling/v1beta1
  - kubernetes/typed/scheduling/v1beta1/fake
  - kubernetes/typed/settings/v1alpha1
  - kubernetes/typed/settings/v1alpha1/fake
  - kubernetes/typed/storage/v1
  - kubernetes/typed/storage/v1/fake
  - kubernetes/typed/storage/v1alpha1
  - kubernetes/typed/storage/v1alpha1/fake
  - kubernetes/typed/storage/v1beta1
  - kubernetes/typed/storage/v1beta1/fake
  - pkg/apis/clientauthentication
  - pkg/apis/clientauthentication/v1alpha1
  - pkg/apis/clientauthentication/v1beta1
  - pkg/version
  - plugin/pkg/client/auth/exec
  - rest
  - rest/watch
  - testing
  - tools/auth
  - tools/clientcmd
  - tools/clientcmd/api
  - tools/clientcmd/api/latest
  - tools/clientcmd/api/v1
  - tools/metrics
  - tools/reference
  - transport
  - util/cert
  - util/connrotation
  - util/flowcontrol
  - util/homedir
  - util/keyutil
- name: k8s.io/klog
  version: 8e90cee79f823779174776412c13478955131846
- name: k8s.io/kube-openapi
  version: b3a7cee44a305be0a69e1b9ac03018307287e1b0
  subpackages:
  - pkg/util/proto
- name: k8s.io/test-infra
  version: 31df46e6f68bfbc12894d299bc92e13316584543
  subpackages:
  - testgrid/metadata
- name: k8s.io/utils
  version: c2654d5206da6b7b6ace12841e8f359bb89b443c
  subpackages:
  - buffer
  - integer
  - trace
- name: sigs.k8s.io/yaml
  version: fd68e9863619f6ec2fdd8625fe1f02e7c877e480
testImports: []
